// !$*UTF8*$!
{
	archiveVersion = 1;
	classes = {
	};
	objectVersion = 56;
	objects = {

/* Begin PBXBuildFile section */
		B8196AEC29B37CA900A16B61 /* DemoFramwork.docc in Sources */ = {isa = PBXBuildFile; fileRef = B8196AEB29B37CA900A16B61 /* DemoFramwork.docc */; };
		B8196AF229B37CA900A16B61 /* DemoFramwork.framework in Frameworks */ = {isa = PBXBuildFile; fileRef = B8196AE729B37CA900A16B61 /* DemoFramwork.framework */; };
		B8196AF729B37CA900A16B61 /* DemoFramworkTests.swift in Sources */ = {isa = PBXBuildFile; fileRef = B8196AF629B37CA900A16B61 /* DemoFramworkTests.swift */; };
		B8196AF829B37CA900A16B61 /* DemoFramwork.h in Headers */ = {isa = PBXBuildFile; fileRef = B8196AEA29B37CA900A16B61 /* DemoFramwork.h */; settings = {ATTRIBUTES = (Public, ); }; };
/* End PBXBuildFile section */

/* Begin PBXContainerItemProxy section */
		B8196AF329B37CA900A16B61 /* PBXContainerItemProxy */ = {
			isa = PBXContainerItemProxy;
			containerPortal = B8196ADE29B37CA800A16B61 /* Project object */;
			proxyType = 1;
			remoteGlobalIDString = B8196AE629B37CA900A16B61;
			remoteInfo = DemoFramwork;
		};
/* End PBXContainerItemProxy section */

/* Begin PBXFileReference section */
		B8196AE729B37CA900A16B61 /* DemoFramwork.framework */ = {isa = PBXFileReference; explicitFileType = wrapper.framework; includeInIndex = 0; path = DemoFramwork.framework; sourceTree = BUILT_PRODUCTS_DIR; };
		B8196AEA29B37CA900A16B61 /* DemoFramwork.h */ = {isa = PBXFileReference; lastKnownFileType = sourcecode.c.h; path = DemoFramwork.h; sourceTree = "<group>"; };
		B8196AEB29B37CA900A16B61 /* DemoFramwork.docc */ = {isa = PBXFileReference; lastKnownFileType = folder.documentationcatalog; path = DemoFramwork.docc; sourceTree = "<group>"; };
		B8196AF129B37CA900A16B61 /* DemoFramworkTests.xctest */ = {isa = PBXFileReference; explicitFileType = wrapper.cfbundle; includeInIndex = 0; path = DemoFramworkTests.xctest; sourceTree = BUILT_PRODUCTS_DIR; };
		B8196AF629B37CA900A16B61 /* DemoFramworkTests.swift */ = {isa = PBXFileReference; lastKnownFileType = sourcecode.swift; path = DemoFramworkTests.swift; sourceTree = "<group>"; };
/* End PBXFileReference section */

/* Begin PBXFrameworksBuildPhase section */
		B8196AE429B37CA900A16B61 /* Frameworks */ = {
			isa = PBXFrameworksBuildPhase;
			buildActionMask = 2147483647;
			files = (
			);
			runOnlyForDeploymentPostprocessing = 0;
		};
		B8196AEE29B37CA900A16B61 /* Frameworks */ = {
			isa = PBXFrameworksBuildPhase;
			buildActionMask = 2147483647;
			files = (
				B8196AF229B37CA900A16B61 /* DemoFramwork.framework in Frameworks */,
			);
			runOnlyForDeploymentPostprocessing = 0;
		};
/* End PBXFrameworksBuildPhase section */

/* Begin PBXGroup section */
		B8196ADD29B37CA800A16B61 = {
			isa = PBXGroup;
			children = (
				B8196AE929B37CA900A16B61 /* DemoFramwork */,
				B8196AF529B37CA900A16B61 /* DemoFramworkTests */,
				B8196AE829B37CA900A16B61 /* Products */,
			);
			sourceTree = "<group>";
		};
		B8196AE829B37CA900A16B61 /* Products */ = {
			isa = PBXGroup;
			children = (
				B8196AE729B37CA900A16B61 /* DemoFramwork.framework */,
				B8196AF129B37CA900A16B61 /* DemoFramworkTests.xctest */,
			);
			name = Products;
			sourceTree = "<group>";
		};
		B8196AE929B37CA900A16B61 /* DemoFramwork */ = {
			isa = PBXGroup;
			children = (
				B8196AEA29B37CA900A16B61 /* DemoFramwork.h */,
				B8196AEB29B37CA900A16B61 /* DemoFramwork.docc */,
			);
			path = DemoFramwork;
			sourceTree = "<group>";
		};
		B8196AF529B37CA900A16B61 /* DemoFramworkTests */ = {
			isa = PBXGroup;
			children = (
				B8196AF629B37CA900A16B61 /* DemoFramworkTests.swift */,
			);
			path = DemoFramworkTests;
			sourceTree = "<group>";
		};
/* End PBXGroup section */

/* Begin PBXHeadersBuildPhase section */
		B8196AE229B37CA900A16B61 /* Headers */ = {
			isa = PBXHeadersBuildPhase;
			buildActionMask = 2147483647;
			files = (
				B8196AF829B37CA900A16B61 /* DemoFramwork.h in Headers */,
			);
			runOnlyForDeploymentPostprocessing = 0;
		};
/* End PBXHeadersBuildPhase section */

/* Begin PBXNativeTarget section */
		B8196AE629B37CA900A16B61 /* DemoFramwork */ = {
			isa = PBXNativeTarget;
			buildConfigurationList = B8196AFB29B37CA900A16B61 /* Build configuration list for PBXNativeTarget "DemoFramwork" */;
			buildPhases = (
				B8196AE229B37CA900A16B61 /* Headers */,
				B8196AE329B37CA900A16B61 /* Sources */,
				B8196AE429B37CA900A16B61 /* Frameworks */,
				B8196AE529B37CA900A16B61 /* Resources */,
			);
			buildRules = (
			);
			dependencies = (
			);
			name = DemoFramwork;
			productName = DemoFramwork;
			productReference = B8196AE729B37CA900A16B61 /* DemoFramwork.framework */;
			productType = "com.apple.product-type.framework";
		};
		B8196AF029B37CA900A16B61 /* DemoFramworkTests */ = {
			isa = PBXNativeTarget;
			buildConfigurationList = B8196AFE29B37CA900A16B61 /* Build configuration list for PBXNativeTarget "DemoFramworkTests" */;
			buildPhases = (
				B8196AED29B37CA900A16B61 /* Sources */,
				B8196AEE29B37CA900A16B61 /* Frameworks */,
				B8196AEF29B37CA900A16B61 /* Resources */,
			);
			buildRules = (
			);
			dependencies = (
				B8196AF429B37CA900A16B61 /* PBXTargetDependency */,
			);
			name = DemoFramworkTests;
			productName = DemoFramworkTests;
			productReference = B8196AF129B37CA900A16B61 /* DemoFramworkTests.xctest */;
			productType = "com.apple.product-type.bundle.unit-test";
		};
/* End PBXNativeTarget section */

/* Begin PBXProject section */
		B8196ADE29B37CA800A16B61 /* Project object */ = {
			isa = PBXProject;
			attributes = {
				BuildIndependentTargetsInParallel = 1;
				LastSwiftUpdateCheck = 1400;
				LastUpgradeCheck = 1400;
				TargetAttributes = {
					B8196AE629B37CA900A16B61 = {
						CreatedOnToolsVersion = 14.0;
					};
					B8196AF029B37CA900A16B61 = {
						CreatedOnToolsVersion = 14.0;
					};
				};
			};
			buildConfigurationList = B8196AE129B37CA800A16B61 /* Build configuration list for PBXProject "DemoFramwork" */;
			compatibilityVersion = "Xcode 14.0";
			developmentRegion = en;
			hasScannedForEncodings = 0;
			knownRegions = (
				en,
				Base,
			);
			mainGroup = B8196ADD29B37CA800A16B61;
			productRefGroup = B8196AE829B37CA900A16B61 /* Products */;
			projectDirPath = "";
			projectRoot = "";
			targets = (
				B8196AE629B37CA900A16B61 /* DemoFramwork */,
				B8196AF029B37CA900A16B61 /* DemoFramworkTests */,
			);
		};
/* End PBXProject section */

/* Begin PBXResourcesBuildPhase section */
		B8196AE529B37CA900A16B61 /* Resources */ = {
			isa = PBXResourcesBuildPhase;
			buildActionMask = 2147483647;
			files = (
			);
			runOnlyForDeploymentPostprocessing = 0;
		};
		B8196AEF29B37CA900A16B61 /* Resources */ = {
			isa = PBXResourcesBuildPhase;
			buildActionMask = 2147483647;
			files = (
			);
			runOnlyForDeploymentPostprocessing = 0;
		};
/* End PBXResourcesBuildPhase section */

/* Begin PBXSourcesBuildPhase section */
		B8196AE329B37CA900A16B61 /* Sources */ = {
			isa = PBXSourcesBuildPhase;
			buildActionMask = 2147483647;
			files = (
				B8196AEC29B37CA900A16B61 /* DemoFramwork.docc in Sources */,
			);
			runOnlyForDeploymentPostprocessing = 0;
		};
		B8196AED29B37CA900A16B61 /* Sources */ = {
			isa = PBXSourcesBuildPhase;
			buildActionMask = 2147483647;
			files = (
				B8196AF729B37CA900A16B61 /* DemoFramworkTests.swift in Sources */,
			);
			runOnlyForDeploymentPostprocessing = 0;
		};
/* End PBXSourcesBuildPhase section */

/* Begin PBXTargetDependency section */
		B8196AF429B37CA900A16B61 /* PBXTargetDependency */ = {
			isa = PBXTargetDependency;
			target = B8196AE629B37CA900A16B61 /* DemoFramwork */;
			targetProxy = B8196AF329B37CA900A16B61 /* PBXContainerItemProxy */;
		};
/* End PBXTargetDependency section */

/* Begin XCBuildConfiguration section */
		B8196AF929B37CA900A16B61 /* Debug */ = {
			isa = XCBuildConfiguration;
			buildSettings = {
				ALWAYS_SEARCH_USER_PATHS = NO;
				CLANG_ANALYZER_NONNULL = YES;
				CLANG_ANALYZER_NUMBER_OBJECT_CONVERSION = YES_AGGRESSIVE;
				CLANG_CXX_LANGUAGE_STANDARD = "gnu++20";
				CLANG_ENABLE_MODULES = YES;
				CLANG_ENABLE_OBJC_ARC = YES;
				CLANG_ENABLE_OBJC_WEAK = YES;
				CLANG_WARN_BLOCK_CAPTURE_AUTORELEASING = YES;
				CLANG_WARN_BOOL_CONVERSION = YES;
				CLANG_WARN_COMMA = YES;
				CLANG_WARN_CONSTANT_CONVERSION = YES;
				CLANG_WARN_DEPRECATED_OBJC_IMPLEMENTATIONS = YES;
				CLANG_WARN_DIRECT_OBJC_ISA_USAGE = YES_ERROR;
				CLANG_WARN_DOCUMENTATION_COMMENTS = YES;
				CLANG_WARN_EMPTY_BODY = YES;
				CLANG_WARN_ENUM_CONVERSION = YES;
				CLANG_WARN_INFINITE_RECURSION = YES;
				CLANG_WARN_INT_CONVERSION = YES;
				CLANG_WARN_NON_LITERAL_NULL_CONVERSION = YES;
				CLANG_WARN_OBJC_IMPLICIT_RETAIN_SELF = YES;
				CLANG_WARN_OBJC_LITERAL_CONVERSION = YES;
				CLANG_WARN_OBJC_ROOT_CLASS = YES_ERROR;
				CLANG_WARN_QUOTED_INCLUDE_IN_FRAMEWORK_HEADER = YES;
				CLANG_WARN_RANGE_LOOP_ANALYSIS = YES;
				CLANG_WARN_STRICT_PROTOTYPES = YES;
				CLANG_WARN_SUSPICIOUS_MOVE = YES;
				CLANG_WARN_UNGUARDED_AVAILABILITY = YES_AGGRESSIVE;
				CLANG_WARN_UNREACHABLE_CODE = YES;
				CLANG_WARN__DUPLICATE_METHOD_MATCH = YES;
				COPY_PHASE_STRIP = NO;
				CURRENT_PROJECT_VERSION = 1;
				DEBUG_INFORMATION_FORMAT = dwarf;
				ENABLE_STRICT_OBJC_MSGSEND = YES;
				ENABLE_TESTABILITY = YES;
				GCC_C_LANGUAGE_STANDARD = gnu11;
				GCC_DYNAMIC_NO_PIC = NO;
				GCC_NO_COMMON_BLOCKS = YES;
				GCC_OPTIMIZATION_LEVEL = 0;
				GCC_PREPROCESSOR_DEFINITIONS = (
					"DEBUG=1",
					"$(inherited)",
				);
				GCC_WARN_64_TO_32_BIT_CONVERSION = YES;
				GCC_WARN_ABOUT_RETURN_TYPE = YES_ERROR;
				GCC_WARN_UNDECLARED_SELECTOR = YES;
				GCC_WARN_UNINITIALIZED_AUTOS = YES_AGGRESSIVE;
				GCC_WARN_UNUSED_FUNCTION = YES;
				GCC_WARN_UNUSED_VARIABLE = YES;
				IPHONEOS_DEPLOYMENT_TARGET = 16.0;
				MTL_ENABLE_DEBUG_INFO = INCLUDE_SOURCE;
				MTL_FAST_MATH = YES;
				ONLY_ACTIVE_ARCH = YES;
				SDKROOT = iphoneos;
				SWIFT_ACTIVE_COMPILATION_CONDITIONS = DEBUG;
				SWIFT_OPTIMIZATION_LEVEL = "-Onone";
				VERSIONING_SYSTEM = "apple-generic";
				VERSION_INFO_PREFIX = "";
			};
			name = Debug;
		};
		B8196AFA29B37CA900A16B61 /* Release */ = {
			isa = XCBuildConfiguration;
			buildSettings = {
				ALWAYS_SEARCH_USER_PATHS = NO;
				CLANG_ANALYZER_NONNULL = YES;
				CLANG_ANALYZER_NUMBER_OBJECT_CONVERSION = YES_AGGRESSIVE;
				CLANG_CXX_LANGUAGE_STANDARD = "gnu++20";
				CLANG_ENABLE_MODULES = YES;
				CLANG_ENABLE_OBJC_ARC = YES;
				CLANG_ENABLE_OBJC_WEAK = YES;
				CLANG_WARN_BLOCK_CAPTURE_AUTORELEASING = YES;
				CLANG_WARN_BOOL_CONVERSION = YES;
				CLANG_WARN_COMMA = YES;
				CLANG_WARN_CONSTANT_CONVERSION = YES;
				CLANG_WARN_DEPRECATED_OBJC_IMPLEMENTATIONS = YES;
				CLANG_WARN_DIRECT_OBJC_ISA_USAGE = YES_ERROR;
				CLANG_WARN_DOCUMENTATION_COMMENTS = YES;
				CLANG_WARN_EMPTY_BODY = YES;
				CLANG_WARN_ENUM_CONVERSION = YES;
				CLANG_WARN_INFINITE_RECURSION = YES;
				CLANG_WARN_INT_CONVERSION = YES;
				CLANG_WARN_NON_LITERAL_NULL_CONVERSION = YES;
				CLANG_WARN_OBJC_IMPLICIT_RETAIN_SELF = YES;
				CLANG_WARN_OBJC_LITERAL_CONVERSION = YES;
				CLANG_WARN_OBJC_ROOT_CLASS = YES_ERROR;
				CLANG_WARN_QUOTED_INCLUDE_IN_FRAMEWORK_HEADER = YES;
				CLANG_WARN_RANGE_LOOP_ANALYSIS = YES;
				CLANG_WARN_STRICT_PROTOTYPES = YES;
				CLANG_WARN_SUSPICIOUS_MOVE = YES;
				CLANG_WARN_UNGUARDED_AVAILABILITY = YES_AGGRESSIVE;
				CLANG_WARN_UNREACHABLE_CODE = YES;
				CLANG_WARN__DUPLICATE_METHOD_MATCH = YES;
				COPY_PHASE_STRIP = NO;
				CURRENT_PROJECT_VERSION = 1;
				DEBUG_INFORMATION_FORMAT = "dwarf-with-dsym";
				ENABLE_NS_ASSERTIONS = NO;
				ENABLE_STRICT_OBJC_MSGSEND = YES;
				GCC_C_LANGUAGE_STANDARD = gnu11;
				GCC_NO_COMMON_BLOCKS = YES;
				GCC_WARN_64_TO_32_BIT_CONVERSION = YES;
				GCC_WARN_ABOUT_RETURN_TYPE = YES_ERROR;
				GCC_WARN_UNDECLARED_SELECTOR = YES;
				GCC_WARN_UNINITIALIZED_AUTOS = YES_AGGRESSIVE;
				GCC_WARN_UNUSED_FUNCTION = YES;
				GCC_WARN_UNUSED_VARIABLE = YES;
				IPHONEOS_DEPLOYMENT_TARGET = 16.0;
				MTL_ENABLE_DEBUG_INFO = NO;
				MTL_FAST_MATH = YES;
				SDKROOT = iphoneos;
				SWIFT_COMPILATION_MODE = wholemodule;
				SWIFT_OPTIMIZATION_LEVEL = "-O";
				VALIDATE_PRODUCT = YES;
				VERSIONING_SYSTEM = "apple-generic";
				VERSION_INFO_PREFIX = "";
			};
			name = Release;
		};
		B8196AFC29B37CA900A16B61 /* Debug */ = {
			isa = XCBuildConfiguration;
			buildSettings = {
				CODE_SIGN_STYLE = Automatic;
				CURRENT_PROJECT_VERSION = 1;
				DEFINES_MODULE = YES;
				DEVELOPMENT_TEAM = GL83HK55G6;
				DYLIB_COMPATIBILITY_VERSION = 1;
				DYLIB_CURRENT_VERSION = 1;
				DYLIB_INSTALL_NAME_BASE = "@rpath";
				GENERATE_INFOPLIST_FILE = YES;
				INFOPLIST_KEY_NSHumanReadableCopyright = "";
				INSTALL_PATH = "$(LOCAL_LIBRARY_DIR)/Frameworks";
				LD_RUNPATH_SEARCH_PATHS = (
					"$(inherited)",
					"@executable_path/Frameworks",
					"@loader_path/Frameworks",
				);
				MARKETING_VERSION = 1.0;
				PRODUCT_BUNDLE_IDENTIFIER = "-.DemoFramwork";
				PRODUCT_NAME = "$(TARGET_NAME:c99extidentifier)";
				SKIP_INSTALL = YES;
				SWIFT_EMIT_LOC_STRINGS = YES;
				SWIFT_VERSION = 5.0;
				TARGETED_DEVICE_FAMILY = "1,2";
			};
			name = Debug;
		};
		B8196AFD29B37CA900A16B61 /* Release */ = {
			isa = XCBuildConfiguration;
			buildSettings = {
				CODE_SIGN_STYLE = Automatic;
				CURRENT_PROJECT_VERSION = 1;
				DEFINES_MODULE = YES;
				DEVELOPMENT_TEAM = GL83HK55G6;
				DYLIB_COMPATIBILITY_VERSION = 1;
				DYLIB_CURRENT_VERSION = 1;
				DYLIB_INSTALL_NAME_BASE = "@rpath";
				GENERATE_INFOPLIST_FILE = YES;
				INFOPLIST_KEY_NSHumanReadableCopyright = "";
				INSTALL_PATH = "$(LOCAL_LIBRARY_DIR)/Frameworks";
				LD_RUNPATH_SEARCH_PATHS = (
					"$(inherited)",
					"@executable_path/Frameworks",
					"@loader_path/Frameworks",
				);
				MARKETING_VERSION = 1.0;
				PRODUCT_BUNDLE_IDENTIFIER = "-.DemoFramwork";
				PRODUCT_NAME = "$(TARGET_NAME:c99extidentifier)";
				SKIP_INSTALL = YES;
				SWIFT_EMIT_LOC_STRINGS = YES;
				SWIFT_VERSION = 5.0;
				TARGETED_DEVICE_FAMILY = "1,2";
			};
			name = Release;
		};
		B8196AFF29B37CA900A16B61 /* Debug */ = {
			isa = XCBuildConfiguration;
			buildSettings = {
				CODE_SIGN_STYLE = Automatic;
				CURRENT_PROJECT_VERSION = 1;
				DEVELOPMENT_TEAM = GL83HK55G6;
				GENERATE_INFOPLIST_FILE = YES;
				MARKETING_VERSION = 1.0;
				PRODUCT_BUNDLE_IDENTIFIER = "-.DemoFramworkTests";
				PRODUCT_NAME = "$(TARGET_NAME)";
				SWIFT_EMIT_LOC_STRINGS = NO;
				SWIFT_VERSION = 5.0;
				TARGETED_DEVICE_FAMILY = "1,2";
			};
			name = Debug;
		};
		B8196B0029B37CA900A16B61 /* Release */ = {
			isa = XCBuildConfiguration;
			buildSettings = {
				CODE_SIGN_STYLE = Automatic;
				CURRENT_PROJECT_VERSION = 1;
				DEVELOPMENT_TEAM = GL83HK55G6;
				GENERATE_INFOPLIST_FILE = YES;
				MARKETING_VERSION = 1.0;
				PRODUCT_BUNDLE_IDENTIFIER = "-.DemoFramworkTests";
				PRODUCT_NAME = "$(TARGET_NAME)";
				SWIFT_EMIT_LOC_STRINGS = NO;
				SWIFT_VERSION = 5.0;
				TARGETED_DEVICE_FAMILY = "1,2";
			};
			name = Release;
		};
/* End XCBuildConfiguration section */

/* Begin XCConfigurationList section */
		B8196AE129B37CA800A16B61 /* Build configuration list for PBXProject "DemoFramwork" */ = {
			isa = XCConfigurationList;
			buildConfigurations = (
				B8196AF929B37CA900A16B61 /* Debug */,
				B8196AFA29B37CA900A16B61 /* Release */,
			);
			defaultConfigurationIsVisible = 0;
			defaultConfigurationName = Release;
		};
		B8196AFB29B37CA900A16B61 /* Build configuration list for PBXNativeTarget "DemoFramwork" */ = {
			isa = XCConfigurationList;
			buildConfigurations = (
				B8196AFC29B37CA900A16B61 /* Debug */,
				B8196AFD29B37CA900A16B61 /* Release */,
			);
			defaultConfigurationIsVisible = 0;
			defaultConfigurationName = Release;
		};
		B8196AFE29B37CA900A16B61 /* Build configuration list for PBXNativeTarget "DemoFramworkTests" */ = {
			isa = XCConfigurationList;
			buildConfigurations = (
				B8196AFF29B37CA900A16B61 /* Debug */,
				B8196B0029B37CA900A16B61 /* Release */,
			);
			defaultConfigurationIsVisible = 0;
			defaultConfigurationName = Release;
		};
/* End XCConfigurationList section */
	};
	rootObject = B8196ADE29B37CA800A16B61 /* Project object */;
}
